
Microsoft Visual Studio Solution File, Format Version 12.00
# Visual Studio Version 16
VisualStudioVersion = 16.0.31829.152
MinimumVisualStudioVersion = 10.0.40219.1
Project("{FAE04EC0-301F-11D3-BF4B-00C04F79EFBC}") = "Lab11_Wpf", "Lab11_Wpf\Lab11_Wpf.csproj", "{01BBB2B3-D7EA-4722-8ABD-C577EEA5B6D7}"
EndProject
Project("{FAE04EC0-301F-11D3-BF4B-00C04F79EFBC}") = "Lab11_2Wpf", "Lab11_2Wpf\Lab11_2Wpf.csproj", "{03DBB25D-5208-4DC0-A725-41ABF0E73244}"
EndProject
Global
	GlobalSection(SolutionConfigurationPlatforms) = preSolution
		Debug|Any CPU = Debug|Any CPU
		Release|Any CPU = Release|Any CPU
	EndGlobalSection
	GlobalSection(ProjectConfigurationPlatforms) = postSolution
		{01BBB2B3-D7EA-4722-8ABD-C577EEA5B6D7}.Debug|Any CPU.ActiveCfg = Debug|Any CPU
		{01BBB2B3-D7EA-4722-8ABD-C577EEA5B6D7}.Debug|Any CPU.Build.0 = Debug|Any CPU
		{01BBB2B3-D7EA-4722-8ABD-C577EEA5B6D7}.Release|Any CPU.ActiveCfg = Release|Any CPU
		{01BBB2B3-D7EA-4722-8ABD-C577EEA5B6D7}.Release|Any CPU.Build.0 = Release|Any CPU
		{03DBB25D-5208-4DC0-A725-41ABF0E73244}.Debug|Any CPU.ActiveCfg = Debug|Any CPU
		{03DBB25D-5208-4DC0-A725-41ABF0E73244}.Debug|Any CPU.Build.0 = Debug|Any CPU
		{03DBB25D-5208-4DC0-A725-41ABF0E73244}.Release|Any CPU.ActiveCfg = Release|Any CPU
		{03DBB25D-5208-4DC0-A725-41ABF0E73244}.Release|Any CPU.Build.0 = Release|Any CPU
	EndGlobalSection
	GlobalSection(SolutionProperties) = preSolution
		HideSolutionNode = FALSE
	EndGlobalSection
	GlobalSection(ExtensibilityGlobals) = postSolution
		SolutionGuid = {AC520007-164D-4485-825A-12A3EDBF4375}
	EndGlobalSection
EndGlobal
